// !$*UTF8*$!
{
	archiveVersion = 1;
	classes = {
	};
	objectVersion = 55;
	objects = {

/* Begin PBXBuildFile section */
		18A35AD528F7E02200F6A8AC /* AppDelegate.swift in Sources */ = {isa = PBXBuildFile; fileRef = 18A35AD428F7E02200F6A8AC /* AppDelegate.swift */; };
		18A35AD728F7E02200F6A8AC /* SceneDelegate.swift in Sources */ = {isa = PBXBuildFile; fileRef = 18A35AD628F7E02200F6A8AC /* SceneDelegate.swift */; };
		18A35AD928F7E02200F6A8AC /* ViewController.swift in Sources */ = {isa = PBXBuildFile; fileRef = 18A35AD828F7E02200F6A8AC /* ViewController.swift */; };
		18A35ADC28F7E02200F6A8AC /* Main.storyboard in Resources */ = {isa = PBXBuildFile; fileRef = 18A35ADA28F7E02200F6A8AC /* Main.storyboard */; };
		18A35ADE28F7E02300F6A8AC /* Assets.xcassets in Resources */ = {isa = PBXBuildFile; fileRef = 18A35ADD28F7E02300F6A8AC /* Assets.xcassets */; };
		18A35AE128F7E02300F6A8AC /* LaunchScreen.storyboard in Resources */ = {isa = PBXBuildFile; fileRef = 18A35ADF28F7E02300F6A8AC /* LaunchScreen.storyboard */; };
		18A35AE928F7E21800F6A8AC /* runfree.jpeg in Resources */ = {isa = PBXBuildFile; fileRef = 18A35AE828F7E21800F6A8AC /* runfree.jpeg */; };
		18A35AEB28F7E84B00F6A8AC /* inspiring-cinematic-ambient-116199.mp3 in Resources */ = {isa = PBXBuildFile; fileRef = 18A35AEA28F7E84B00F6A8AC /* inspiring-cinematic-ambient-116199.mp3 */; };
/* End PBXBuildFile section */

/* Begin PBXFileReference section */
		18A35AD128F7E02200F6A8AC /* audiovideo.app */ = {isa = PBXFileReference; explicitFileType = wrapper.application; includeInIndex = 0; path = audiovideo.app; sourceTree = BUILT_PRODUCTS_DIR; };
		18A35AD428F7E02200F6A8AC /* AppDelegate.swift */ = {isa = PBXFileReference; lastKnownFileType = sourcecode.swift; path = AppDelegate.swift; sourceTree = "<group>"; };
		18A35AD628F7E02200F6A8AC /* SceneDelegate.swift */ = {isa = PBXFileReference; lastKnownFileType = sourcecode.swift; path = SceneDelegate.swift; sourceTree = "<group>"; };
		18A35AD828F7E02200F6A8AC /* ViewController.swift */ = {isa = PBXFileReference; lastKnownFileType = sourcecode.swift; path = ViewController.swift; sourceTree = "<group>"; };
		18A35ADB28F7E02200F6A8AC /* Base */ = {isa = PBXFileReference; lastKnownFileType = file.storyboard; name = Base; path = Base.lproj/Main.storyboard; sourceTree = "<group>"; };
		18A35ADD28F7E02300F6A8AC /* Assets.xcassets */ = {isa = PBXFileReference; lastKnownFileType = folder.assetcatalog; path = Assets.xcassets; sourceTree = "<group>"; };
		18A35AE028F7E02300F6A8AC /* Base */ = {isa = PBXFileReference; lastKnownFileType = file.storyboard; name = Base; path = Base.lproj/LaunchScreen.storyboard; sourceTree = "<group>"; };
		18A35AE228F7E02300F6A8AC /* Info.plist */ = {isa = PBXFileReference; lastKnownFileType = text.plist.xml; path = Info.plist; sourceTree = "<group>"; };
		18A35AE828F7E21800F6A8AC /* runfree.jpeg */ = {isa = PBXFileReference; lastKnownFileType = image.jpeg; path = runfree.jpeg; sourceTree = "<group>"; };
		18A35AEA28F7E84B00F6A8AC /* inspiring-cinematic-ambient-116199.mp3 */ = {isa = PBXFileReference; lastKnownFileType = audio.mp3; path = "inspiring-cinematic-ambient-116199.mp3"; sourceTree = "<group>"; };
/* End PBXFileReference section */

/* Begin PBXFrameworksBuildPhase section */
		18A35ACE28F7E02200F6A8AC /* Frameworks */ = {
			isa = PBXFrameworksBuildPhase;
			buildActionMask = 2147483647;
			files = (
			);
			runOnlyForDeploymentPostprocessing = 0;
		};
/* End PBXFrameworksBuildPhase section */

/* Begin PBXGroup section */
		18A35AC828F7E02200F6A8AC = {
			isa = PBXGroup;
			children = (
				18A35AD328F7E02200F6A8AC /* audiovideo */,
				18A35AD228F7E02200F6A8AC /* Products */,
			);
			sourceTree = "<group>";
		};
		18A35AD228F7E02200F6A8AC /* Products */ = {
			isa = PBXGroup;
			children = (
				18A35AD128F7E02200F6A8AC /* audiovideo.app */,
			);
			name = Products;
			sourceTree = "<group>";
		};
		18A35AD328F7E02200F6A8AC /* audiovideo */ = {
			isa = PBXGroup;
			children = (
				18A35AD428F7E02200F6A8AC /* AppDelegate.swift */,
				18A35AD628F7E02200F6A8AC /* SceneDelegate.swift */,
				18A35AD828F7E02200F6A8AC /* ViewController.swift */,
				18A35ADA28F7E02200F6A8AC /* Main.storyboard */,
				18A35ADD28F7E02300F6A8AC /* Assets.xcassets */,
				18A35AEA28F7E84B00F6A8AC /* inspiring-cinematic-ambient-116199.mp3 */,
				18A35AE828F7E21800F6A8AC /* runfree.jpeg */,
				18A35ADF28F7E02300F6A8AC /* LaunchScreen.storyboard */,
				18A35AE228F7E02300F6A8AC /* Info.plist */,
			);
			path = audiovideo;
			sourceTree = "<group>";
		};
/* End PBXGroup section */

/* Begin PBXNativeTarget section */
		18A35AD028F7E02200F6A8AC /* audiovideo */ = {
			isa = PBXNativeTarget;
			buildConfigurationList = 18A35AE528F7E02300F6A8AC /* Build configuration list for PBXNativeTarget "audiovideo" */;
			buildPhases = (
				18A35ACD28F7E02200F6A8AC /* Sources */,
				18A35ACE28F7E02200F6A8AC /* Frameworks */,
				18A35ACF28F7E02200F6A8AC /* Resources */,
			);
			buildRules = (
			);
			dependencies = (
			);
			name = audiovideo;
			productName = audiovideo;
			productReference = 18A35AD128F7E02200F6A8AC /* audiovideo.app */;
			productType = "com.apple.product-type.application";
		};
/* End PBXNativeTarget section */

/* Begin PBXProject section */
		18A35AC928F7E02200F6A8AC /* Project object */ = {
			isa = PBXProject;
			attributes = {
				BuildIndependentTargetsInParallel = 1;
				LastSwiftUpdateCheck = 1340;
				LastUpgradeCheck = 1340;
				TargetAttributes = {
					18A35AD028F7E02200F6A8AC = {
						CreatedOnToolsVersion = 13.4.1;
					};
				};
			};
			buildConfigurationList = 18A35ACC28F7E02200F6A8AC /* Build configuration list for PBXProject "audiovideo" */;
			compatibilityVersion = "Xcode 13.0";
			developmentRegion = en;
			hasScannedForEncodings = 0;
			knownRegions = (
				en,
				Base,
			);
			mainGroup = 18A35AC828F7E02200F6A8AC;
			productRefGroup = 18A35AD228F7E02200F6A8AC /* Products */;
			projectDirPath = "";
			projectRoot = "";
			targets = (
				18A35AD028F7E02200F6A8AC /* audiovideo */,
			);
		};
/* End PBXProject section */

/* Begin PBXResourcesBuildPhase section */
		18A35ACF28F7E02200F6A8AC /* Resources */ = {
			isa = PBXResourcesBuildPhase;
			buildActionMask = 2147483647;
			files = (
				18A35AE128F7E02300F6A8AC /* LaunchScreen.storyboard in Resources */,
				18A35ADE28F7E02300F6A8AC /* Assets.xcassets in Resources */,
				18A35AEB28F7E84B00F6A8AC /* inspiring-cinematic-ambient-116199.mp3 in Resources */,
				18A35ADC28F7E02200F6A8AC /* Main.storyboard in Resources */,
				18A35AE928F7E21800F6A8AC /* runfree.jpeg in Resources */,
			);
			runOnlyForDeploymentPostprocessing = 0;
		};
/* End PBXResourcesBuildPhase section */

/* Begin PBXSourcesBuildPhase section */
		18A35ACD28F7E02200F6A8AC /* Sources */ = {
			isa = PBXSourcesBuildPhase;
			buildActionMask = 2147483647;
			files = (
				18A35AD928F7E02200F6A8AC /* ViewController.swift in Sources */,
				18A35AD528F7E02200F6A8AC /* AppDelegate.swift in Sources */,
				18A35AD728F7E02200F6A8AC /* SceneDelegate.swift in Sources */,
			);
			runOnlyForDeploymentPostprocessing = 0;
		};
/* End PBXSourcesBuildPhase section */

/* Begin PBXVariantGroup section */
		18A35ADA28F7E02200F6A8AC /* Main.storyboard */ = {
			isa = PBXVariantGroup;
			children = (
				18A35ADB28F7E02200F6A8AC /* Base */,
			);
			name = Main.storyboard;
			sourceTree = "<group>";
		};
		18A35ADF28F7E02300F6A8AC /* LaunchScreen.storyboard */ = {
			isa = PBXVariantGroup;
			children = (
				18A35AE028F7E02300F6A8AC /* Base */,
			);
			name = LaunchScreen.storyboard;
			sourceTree = "<group>";
		};
/* End PBXVariantGroup section */

/* Begin XCBuildConfiguration section */
		18A35AE328F7E02300F6A8AC /* Debug */ = {
			isa = XCBuildConfiguration;
			buildSettings = {
				ALWAYS_SEARCH_USER_PATHS = NO;
				CLANG_ANALYZER_NONNULL = YES;
				CLANG_ANALYZER_NUMBER_OBJECT_CONVERSION = YES_AGGRESSIVE;
				CLANG_CXX_LANGUAGE_STANDARD = "gnu++17";
				CLANG_ENABLE_MODULES = YES;
				CLANG_ENABLE_OBJC_ARC = YES;
				CLANG_ENABLE_OBJC_WEAK = YES;
				CLANG_WARN_BLOCK_CAPTURE_AUTORELEASING = YES;
				CLANG_WARN_BOOL_CONVERSION = YES;
				CLANG_WARN_COMMA = YES;
				CLANG_WARN_CONSTANT_CONVERSION = YES;
				CLANG_WARN_DEPRECATED_OBJC_IMPLEMENTATIONS = YES;
				CLANG_WARN_DIRECT_OBJC_ISA_USAGE = YES_ERROR;
				CLANG_WARN_DOCUMENTATION_COMMENTS = YES;
				CLANG_WARN_EMPTY_BODY = YES;
				CLANG_WARN_ENUM_CONVERSION = YES;
				CLANG_WARN_INFINITE_RECURSION = YES;
				CLANG_WARN_INT_CONVERSION = YES;
				CLANG_WARN_NON_LITERAL_NULL_CONVERSION = YES;
				CLANG_WARN_OBJC_IMPLICIT_RETAIN_SELF = YES;
				CLANG_WARN_OBJC_LITERAL_CONVERSION = YES;
				CLANG_WARN_OBJC_ROOT_CLASS = YES_ERROR;
				CLANG_WARN_QUOTED_INCLUDE_IN_FRAMEWORK_HEADER = YES;
				CLANG_WARN_RANGE_LOOP_ANALYSIS = YES;
				CLANG_WARN_STRICT_PROTOTYPES = YES;
				CLANG_WARN_SUSPICIOUS_MOVE = YES;
				CLANG_WARN_UNGUARDED_AVAILABILITY = YES_AGGRESSIVE;
				CLANG_WARN_UNREACHABLE_CODE = YES;
				CLANG_WARN__DUPLICATE_METHOD_MATCH = YES;
				COPY_PHASE_STRIP = NO;
				DEBUG_INFORMATION_FORMAT = dwarf;
				ENABLE_STRICT_OBJC_MSGSEND = YES;
				ENABLE_TESTABILITY = YES;
				GCC_C_LANGUAGE_STANDARD = gnu11;
				GCC_DYNAMIC_NO_PIC = NO;
				GCC_NO_COMMON_BLOCKS = YES;
				GCC_OPTIMIZATION_LEVEL = 0;
				GCC_PREPROCESSOR_DEFINITIONS = (
					"DEBUG=1",
					"$(inherited)",
				);
				GCC_WARN_64_TO_32_BIT_CONVERSION = YES;
				GCC_WARN_ABOUT_RETURN_TYPE = YES_ERROR;
				GCC_WARN_UNDECLARED_SELECTOR = YES;
				GCC_WARN_UNINITIALIZED_AUTOS = YES_AGGRESSIVE;
				GCC_WARN_UNUSED_FUNCTION = YES;
				GCC_WARN_UNUSED_VARIABLE = YES;
				IPHONEOS_DEPLOYMENT_TARGET = 15.5;
				MTL_ENABLE_DEBUG_INFO = INCLUDE_SOURCE;
				MTL_FAST_MATH = YES;
				ONLY_ACTIVE_ARCH = YES;
				SDKROOT = iphoneos;
				SWIFT_ACTIVE_COMPILATION_CONDITIONS = DEBUG;
				SWIFT_OPTIMIZATION_LEVEL = "-Onone";
			};
			name = Debug;
		};
		18A35AE428F7E02300F6A8AC /* Release */ = {
			isa = XCBuildConfiguration;
			buildSettings = {
				ALWAYS_SEARCH_USER_PATHS = NO;
				CLANG_ANALYZER_NONNULL = YES;
				CLANG_ANALYZER_NUMBER_OBJECT_CONVERSION = YES_AGGRESSIVE;
				CLANG_CXX_LANGUAGE_STANDARD = "gnu++17";
				CLANG_ENABLE_MODULES = YES;
				CLANG_ENABLE_OBJC_ARC = YES;
				CLANG_ENABLE_OBJC_WEAK = YES;
				CLANG_WARN_BLOCK_CAPTURE_AUTORELEASING = YES;
				CLANG_WARN_BOOL_CONVERSION = YES;
				CLANG_WARN_COMMA = YES;
				CLANG_WARN_CONSTANT_CONVERSION = YES;
				CLANG_WARN_DEPRECATED_OBJC_IMPLEMENTATIONS = YES;
				CLANG_WARN_DIRECT_OBJC_ISA_USAGE = YES_ERROR;
				CLANG_WARN_DOCUMENTATION_COMMENTS = YES;
				CLANG_WARN_EMPTY_BODY = YES;
				CLANG_WARN_ENUM_CONVERSION = YES;
				CLANG_WARN_INFINITE_RECURSION = YES;
				CLANG_WARN_INT_CONVERSION = YES;
				CLANG_WARN_NON_LITERAL_NULL_CONVERSION = YES;
				CLANG_WARN_OBJC_IMPLICIT_RETAIN_SELF = YES;
				CLANG_WARN_OBJC_LITERAL_CONVERSION = YES;
				CLANG_WARN_OBJC_ROOT_CLASS = YES_ERROR;
				CLANG_WARN_QUOTED_INCLUDE_IN_FRAMEWORK_HEADER = YES;
				CLANG_WARN_RANGE_LOOP_ANALYSIS = YES;
				CLANG_WARN_STRICT_PROTOTYPES = YES;
				CLANG_WARN_SUSPICIOUS_MOVE = YES;
				CLANG_WARN_UNGUARDED_AVAILABILITY = YES_AGGRESSIVE;
				CLANG_WARN_UNREACHABLE_CODE = YES;
				CLANG_WARN__DUPLICATE_METHOD_MATCH = YES;
				COPY_PHASE_STRIP = NO;
				DEBUG_INFORMATION_FORMAT = "dwarf-with-dsym";
				ENABLE_NS_ASSERTIONS = NO;
				ENABLE_STRICT_OBJC_MSGSEND = YES;
				GCC_C_LANGUAGE_STANDARD = gnu11;
				GCC_NO_COMMON_BLOCKS = YES;
				GCC_WARN_64_TO_32_BIT_CONVERSION = YES;
				GCC_WARN_ABOUT_RETURN_TYPE = YES_ERROR;
				GCC_WARN_UNDECLARED_SELECTOR = YES;
				GCC_WARN_UNINITIALIZED_AUTOS = YES_AGGRESSIVE;
				GCC_WARN_UNUSED_FUNCTION = YES;
				GCC_WARN_UNUSED_VARIABLE = YES;
				IPHONEOS_DEPLOYMENT_TARGET = 15.5;
				MTL_ENABLE_DEBUG_INFO = NO;
				MTL_FAST_MATH = YES;
				SDKROOT = iphoneos;
				SWIFT_COMPILATION_MODE = wholemodule;
				SWIFT_OPTIMIZATION_LEVEL = "-O";
				VALIDATE_PRODUCT = YES;
			};
			name = Release;
		};
		18A35AE628F7E02300F6A8AC /* Debug */ = {
			isa = XCBuildConfiguration;
			buildSettings = {
				ASSETCATALOG_COMPILER_APPICON_NAME = AppIcon;
				ASSETCATALOG_COMPILER_GLOBAL_ACCENT_COLOR_NAME = AccentColor;
				CODE_SIGN_STYLE = Automatic;
				CURRENT_PROJECT_VERSION = 1;
				GENERATE_INFOPLIST_FILE = YES;
				INFOPLIST_FILE = audiovideo/Info.plist;
				INFOPLIST_KEY_UIApplicationSupportsIndirectInputEvents = YES;
				INFOPLIST_KEY_UILaunchStoryboardName = LaunchScreen;
				INFOPLIST_KEY_UIMainStoryboardFile = Main;
				INFOPLIST_KEY_UISupportedInterfaceOrientations_iPad = "UIInterfaceOrientationPortrait UIInterfaceOrientationPortraitUpsideDown UIInterfaceOrientationLandscapeLeft UIInterfaceOrientationLandscapeRight";
				INFOPLIST_KEY_UISupportedInterfaceOrientations_iPhone = "UIInterfaceOrientationPortrait UIInterfaceOrientationLandscapeLeft UIInterfaceOrientationLandscapeRight";
				LD_RUNPATH_SEARCH_PATHS = (
					"$(inherited)",
					"@executable_path/Frameworks",
				);
				MARKETING_VERSION = 1.0;
				PRODUCT_BUNDLE_IDENTIFIER = ios.audiovideo;
				PRODUCT_NAME = "$(TARGET_NAME)";
				SWIFT_EMIT_LOC_STRINGS = YES;
				SWIFT_VERSION = 5.0;
				TARGETED_DEVICE_FAMILY = "1,2";
			};
			name = Debug;
		};
		18A35AE728F7E02300F6A8AC /* Release */ = {
			isa = XCBuildConfiguration;
			buildSettings = {
				ASSETCATALOG_COMPILER_APPICON_NAME = AppIcon;
				ASSETCATALOG_COMPILER_GLOBAL_ACCENT_COLOR_NAME = AccentColor;
				CODE_SIGN_STYLE = Automatic;
				CURRENT_PROJECT_VERSION = 1;
				GENERATE_INFOPLIST_FILE = YES;
				INFOPLIST_FILE = audiovideo/Info.plist;
				INFOPLIST_KEY_UIApplicationSupportsIndirectInputEvents = YES;
				INFOPLIST_KEY_UILaunchStoryboardName = LaunchScreen;
				INFOPLIST_KEY_UIMainStoryboardFile = Main;
				INFOPLIST_KEY_UISupportedInterfaceOrientations_iPad = "UIInterfaceOrientationPortrait UIInterfaceOrientationPortraitUpsideDown UIInterfaceOrientationLandscapeLeft UIInterfaceOrientationLandscapeRight";
				INFOPLIST_KEY_UISupportedInterfaceOrientations_iPhone = "UIInterfaceOrientationPortrait UIInterfaceOrientationLandscapeLeft UIInterfaceOrientationLandscapeRight";
				LD_RUNPATH_SEARCH_PATHS = (
					"$(inherited)",
					"@executable_path/Frameworks",
				);
				MARKETING_VERSION = 1.0;
				PRODUCT_BUNDLE_IDENTIFIER = ios.audiovideo;
				PRODUCT_NAME = "$(TARGET_NAME)";
				SWIFT_EMIT_LOC_STRINGS = YES;
				SWIFT_VERSION = 5.0;
				TARGETED_DEVICE_FAMILY = "1,2";
			};
			name = Release;
		};
/* End XCBuildConfiguration section */

/* Begin XCConfigurationList section */
		18A35ACC28F7E02200F6A8AC /* Build configuration list for PBXProject "audiovideo" */ = {
			isa = XCConfigurationList;
			buildConfigurations = (
				18A35AE328F7E02300F6A8AC /* Debug */,
				18A35AE428F7E02300F6A8AC /* Release */,
			);
			defaultConfigurationIsVisible = 0;
			defaultConfigurationName = Release;
		};
		18A35AE528F7E02300F6A8AC /* Build configuration list for PBXNativeTarget "audiovideo" */ = {
			isa = XCConfigurationList;
			buildConfigurations = (
				18A35AE628F7E02300F6A8AC /* Debug */,
				18A35AE728F7E02300F6A8AC /* Release */,
			);
			defaultConfigurationIsVisible = 0;
			defaultConfigurationName = Release;
		};
/* End XCConfigurationList section */
	};
	rootObject = 18A35AC928F7E02200F6A8AC /* Project object */;
}
